
Microsoft Visual Studio Solution File, Format Version 12.00
# Visual Studio Version 16
VisualStudioVersion = 16.0.31424.327
MinimumVisualStudioVersion = 10.0.40219.1
Project("{9A19103F-16F7-4668-BE54-9A1E7A4F7556}") = "Code_Test", "Code_Test\Code_Test.csproj", "{D50D88C9-8429-44D9-B89B-7D9623148105}"
EndProject
Project("{9A19103F-16F7-4668-BE54-9A1E7A4F7556}") = "Model", "Model\Model.csproj", "{1B5A0EDD-C585-40BD-9B21-6DFF0F2F86EA}"
EndProject
Project("{9A19103F-16F7-4668-BE54-9A1E7A4F7556}") = "BAL", "BAL\BAL.csproj", "{677B4010-2B82-4B1E-B74A-A550A053DDAF}"
EndProject
Project("{FAE04EC0-301F-11D3-BF4B-00C04F79EFBC}") = "Repo", "Repo\Repo.csproj", "{242B4CB1-72CB-43D3-8A60-A7AC08B1A12F}"
EndProject
Global
	GlobalSection(SolutionConfigurationPlatforms) = preSolution
		Debug|Any CPU = Debug|Any CPU
		Release|Any CPU = Release|Any CPU
	EndGlobalSection
	GlobalSection(ProjectConfigurationPlatforms) = postSolution
		{D50D88C9-8429-44D9-B89B-7D9623148105}.Debug|Any CPU.ActiveCfg = Debug|Any CPU
		{D50D88C9-8429-44D9-B89B-7D9623148105}.Debug|Any CPU.Build.0 = Debug|Any CPU
		{D50D88C9-8429-44D9-B89B-7D9623148105}.Release|Any CPU.ActiveCfg = Release|Any CPU
		{D50D88C9-8429-44D9-B89B-7D9623148105}.Release|Any CPU.Build.0 = Release|Any CPU
		{1B5A0EDD-C585-40BD-9B21-6DFF0F2F86EA}.Debug|Any CPU.ActiveCfg = Debug|Any CPU
		{1B5A0EDD-C585-40BD-9B21-6DFF0F2F86EA}.Debug|Any CPU.Build.0 = Debug|Any CPU
		{1B5A0EDD-C585-40BD-9B21-6DFF0F2F86EA}.Release|Any CPU.ActiveCfg = Release|Any CPU
		{1B5A0EDD-C585-40BD-9B21-6DFF0F2F86EA}.Release|Any CPU.Build.0 = Release|Any CPU
		{677B4010-2B82-4B1E-B74A-A550A053DDAF}.Debug|Any CPU.ActiveCfg = Debug|Any CPU
		{677B4010-2B82-4B1E-B74A-A550A053DDAF}.Debug|Any CPU.Build.0 = Debug|Any CPU
		{677B4010-2B82-4B1E-B74A-A550A053DDAF}.Release|Any CPU.ActiveCfg = Release|Any CPU
		{677B4010-2B82-4B1E-B74A-A550A053DDAF}.Release|Any CPU.Build.0 = Release|Any CPU
		{242B4CB1-72CB-43D3-8A60-A7AC08B1A12F}.Debug|Any CPU.ActiveCfg = Debug|Any CPU
		{242B4CB1-72CB-43D3-8A60-A7AC08B1A12F}.Debug|Any CPU.Build.0 = Debug|Any CPU
		{242B4CB1-72CB-43D3-8A60-A7AC08B1A12F}.Release|Any CPU.ActiveCfg = Release|Any CPU
		{242B4CB1-72CB-43D3-8A60-A7AC08B1A12F}.Release|Any CPU.Build.0 = Release|Any CPU
	EndGlobalSection
	GlobalSection(SolutionProperties) = preSolution
		HideSolutionNode = FALSE
	EndGlobalSection
	GlobalSection(ExtensibilityGlobals) = postSolution
		SolutionGuid = {B4857BE7-CCEB-4555-A4D6-93CF4881152F}
	EndGlobalSection
EndGlobal
